
Microsoft Visual Studio Solution File, Format Version 12.00
# Visual Studio Version 16
VisualStudioVersion = 16.0.31624.102
MinimumVisualStudioVersion = 10.0.40219.1
Project("{FAE04EC0-301F-11D3-BF4B-00C04F79EFBC}") = "prac01", "prac01.csproj", "{CC21C40F-F609-4BE3-9283-CCDB6C4EBBE0}"
EndProject
Global
	GlobalSection(SolutionConfigurationPlatforms) = preSolution
		Debug|Any CPU = Debug|Any CPU
		Release|Any CPU = Release|Any CPU
	EndGlobalSection
	GlobalSection(ProjectConfigurationPlatforms) = postSolution
		{CC21C40F-F609-4BE3-9283-CCDB6C4EBBE0}.Debug|Any CPU.ActiveCfg = Debug|Any CPU
		{CC21C40F-F609-4BE3-9283-CCDB6C4EBBE0}.Debug|Any CPU.Build.0 = Debug|Any CPU
		{CC21C40F-F609-4BE3-9283-CCDB6C4EBBE0}.Release|Any CPU.ActiveCfg = Release|Any CPU
		{CC21C40F-F609-4BE3-9283-CCDB6C4EBBE0}.Release|Any CPU.Build.0 = Release|Any CPU
	EndGlobalSection
	GlobalSection(SolutionProperties) = preSolution
		HideSolutionNode = FALSE
	EndGlobalSection
	GlobalSection(ExtensibilityGlobals) = postSolution
		SolutionGuid = {30FDED95-59FC-46DA-AD64-A98D9DF484F6}
	EndGlobalSection
EndGlobal
